
Microsoft Visual Studio Solution File, Format Version 12.00
# Visual Studio Version 17
VisualStudioVersion = 17.14.36429.23
MinimumVisualStudioVersion = 10.0.40219.1
Project("{2150E333-8FDC-42A3-9474-1A3956D46DE8}") = "Task0", "Task0", "{02EA681E-C7D8-13C7-8484-4AC65E1B71E8}"
EndProject
Project("{FAE04EC0-301F-11D3-BF4B-00C04F79EFBC}") = "Tyuiu.PlatonovMV.Sprint5.Task0.V29.Test", "Tyuiu.PlatonovMV.Sprint5.Task0.V29.Test\Tyuiu.PlatonovMV.Sprint5.Task0.V29.Test.csproj", "{58814564-D59C-4154-89AF-684F59B13A4D}"
EndProject
Project("{FAE04EC0-301F-11D3-BF4B-00C04F79EFBC}") = "Tyuiu.PlatonovMV.Sprint5.Task0.V29.Lib", "Tyuiu.PlatonovMV.Sprint5.Task0.V29.Lib\Tyuiu.PlatonovMV.Sprint5.Task0.V29.Lib.csproj", "{806FD474-89D9-416B-930E-EE011BD99E34}"
EndProject
Project("{FAE04EC0-301F-11D3-BF4B-00C04F79EFBC}") = "Tyuiu.PlatonovMV.Sprint5.Task0.V29", "Tyuiu.PlatonovMV.Sprint5.Task0.V29\Tyuiu.PlatonovMV.Sprint5.Task0.V29.csproj", "{F03BE726-F6C0-4B70-AD4B-4F12D254D16A}"
EndProject
Project("{2150E333-8FDC-42A3-9474-1A3956D46DE8}") = "Task1", "Task1", "{2C6BD3F6-B396-4386-BA06-A1BAFA0F8A70}"
EndProject
Project("{FAE04EC0-301F-11D3-BF4B-00C04F79EFBC}") = "Tyuiu.PlatonovMV.Sprint5.Task1.V17.Test", "Tyuiu.PlatonovMV.Sprint5.Task1.V17.Test\Tyuiu.PlatonovMV.Sprint5.Task1.V17.Test.csproj", "{3B8A76D5-C85D-40A0-9EAF-4A4ACE1C0ED5}"
EndProject
Project("{FAE04EC0-301F-11D3-BF4B-00C04F79EFBC}") = "Tyuiu.PlatonovMV.Sprint5.Task1.V17.Lib", "Tyuiu.PlatonovMV.Sprint5.Task1.V17.Lib\Tyuiu.PlatonovMV.Sprint5.Task1.V17.Lib.csproj", "{0648F036-4F82-4E06-9603-A866245A411B}"
EndProject
Project("{FAE04EC0-301F-11D3-BF4B-00C04F79EFBC}") = "Tyuiu.PlatonovMV.Sprint5.Task1.V17", "Tyuiu.PlatonovMV.Sprint5.Task1.V17\Tyuiu.PlatonovMV.Sprint5.Task1.V17.csproj", "{3585CC7D-14A8-487A-9C7A-7400F914C330}"
EndProject
Project("{2150E333-8FDC-42A3-9474-1A3956D46DE8}") = "Task2", "Task2", "{5C06B4C9-869E-4929-BFDB-2CA02DDBD873}"
EndProject
Project("{FAE04EC0-301F-11D3-BF4B-00C04F79EFBC}") = "Tyuiu.PlatonovMV.Sprint5.Task2.V5.Lib", "Tyuiu.PlatonovMV.Sprint5.Task2.V5.Lib\Tyuiu.PlatonovMV.Sprint5.Task2.V5.Lib.csproj", "{D9A49B89-614E-4202-9F09-92E848049D27}"
EndProject
Project("{FAE04EC0-301F-11D3-BF4B-00C04F79EFBC}") = "Tyuiu.PlatonovMV.Sprint5.Task2.V5.Test", "Tyuiu.PlatonovMV.Sprint5.Task2.V5.Test\Tyuiu.PlatonovMV.Sprint5.Task2.V5.Test.csproj", "{10D44794-50EB-4C70-B625-2CF18A3D9853}"
EndProject
Project("{FAE04EC0-301F-11D3-BF4B-00C04F79EFBC}") = "Tyuiu.PlatonovMV.Sprint5.Task2.V5", "Tyuiu.PlatonovMV.Sprint5.Task2.V5\Tyuiu.PlatonovMV.Sprint5.Task2.V5.csproj", "{C7C955A8-22A0-4D5D-BAAD-E858224EB6BD}"
EndProject
Project("{2150E333-8FDC-42A3-9474-1A3956D46DE8}") = "Task3", "Task3", "{D47704A7-66DB-4C38-8A9E-C9F27A38A61D}"
EndProject
Project("{FAE04EC0-301F-11D3-BF4B-00C04F79EFBC}") = "Tyuiu.PlatonovMV.Sprint5.Task3.V17.Lib", "Tyuiu.PlatonovMV.Sprint5.Task3.V17.Lib\Tyuiu.PlatonovMV.Sprint5.Task3.V17.Lib.csproj", "{EE0DF65A-951B-4EFC-A0D1-7FEB3C9BECC2}"
EndProject
Project("{FAE04EC0-301F-11D3-BF4B-00C04F79EFBC}") = "Tyuiu.PlatonovMV.Sprint5.Task3.V17", "Tyuiu.PlatonovMV.Sprint5.Task3.V17\Tyuiu.PlatonovMV.Sprint5.Task3.V17.csproj", "{E3B0601C-D552-41B0-8E6B-36BB7206AAB3}"
EndProject
Project("{FAE04EC0-301F-11D3-BF4B-00C04F79EFBC}") = "Tyuiu.PlatonovMV.Sprint5.Task3.V17.Test", "Tyuiu.PlatonovMV.Sprint5.Task3.V17.Test\Tyuiu.PlatonovMV.Sprint5.Task3.V17.Test.csproj", "{2D64B287-AFD5-48B4-A62A-C895DAFD7FE2}"
EndProject
Project("{2150E333-8FDC-42A3-9474-1A3956D46DE8}") = "Task4", "Task4", "{F7CF89A3-7703-4408-807A-B8B792CB184D}"
EndProject
Project("{FAE04EC0-301F-11D3-BF4B-00C04F79EFBC}") = "Tyuiu.PlatonovMV.Sprint5.Task4.V4.Lib", "Tyuiu.PlatonovMV.Sprint5.Task4.V4.Lib\Tyuiu.PlatonovMV.Sprint5.Task4.V4.Lib.csproj", "{D6D1A326-3139-42F5-B20B-C6AB89DB6D9A}"
EndProject
Project("{FAE04EC0-301F-11D3-BF4B-00C04F79EFBC}") = "Tyuiu.PlatonovMV.Sprint5.Task4.V4", "Tyuiu.PlatonovMV.Sprint5.Task4.V4\Tyuiu.PlatonovMV.Sprint5.Task4.V4.csproj", "{88476E29-0981-42AC-B88D-8793D67C7E98}"
EndProject
Project("{FAE04EC0-301F-11D3-BF4B-00C04F79EFBC}") = "Tyuiu.PlatonovMV.Sprint5.Task4.V4.Test", "Tyuiu.PlatonovMV.Sprint5.Task4.V4.Test\Tyuiu.PlatonovMV.Sprint5.Task4.V4.Test.csproj", "{41AB1EAF-779D-45F5-901A-77D80B5B0A98}"
EndProject
Project("{2150E333-8FDC-42A3-9474-1A3956D46DE8}") = "Task5", "Task5", "{BA078E7A-E6BB-454B-B597-1BCAD495D4A8}"
EndProject
Project("{FAE04EC0-301F-11D3-BF4B-00C04F79EFBC}") = "Tyuiu.PlatonovMV.Sprint5.Task5.V4.Test", "Tyuiu.PlatonovMV.Sprint5.Task5.V4.Test\Tyuiu.PlatonovMV.Sprint5.Task5.V4.Test.csproj", "{2B25D92C-566F-4753-A649-878F6832A63C}"
EndProject
Project("{FAE04EC0-301F-11D3-BF4B-00C04F79EFBC}") = "Tyuiu.PlatonovMV.Sprint5.Task5.V4.Lib", "Tyuiu.PlatonovMV.Sprint5.Task5.V4.Lib\Tyuiu.PlatonovMV.Sprint5.Task5.V4.Lib.csproj", "{2A872D77-6513-4CFE-A4BE-BE6542953B59}"
EndProject
Project("{FAE04EC0-301F-11D3-BF4B-00C04F79EFBC}") = "Tyuiu.PlatonovMV.Sprint5.Task5.V4", "Tyuiu.PlatonovMV.Sprint5.Task5.V4\Tyuiu.PlatonovMV.Sprint5.Task5.V4.csproj", "{4C747083-07EB-4233-8247-F2377F03787A}"
EndProject
Global
	GlobalSection(SolutionConfigurationPlatforms) = preSolution
		Debug|Any CPU = Debug|Any CPU
		Release|Any CPU = Release|Any CPU
	EndGlobalSection
	GlobalSection(ProjectConfigurationPlatforms) = postSolution
		{58814564-D59C-4154-89AF-684F59B13A4D}.Debug|Any CPU.ActiveCfg = Debug|Any CPU
		{58814564-D59C-4154-89AF-684F59B13A4D}.Debug|Any CPU.Build.0 = Debug|Any CPU
		{58814564-D59C-4154-89AF-684F59B13A4D}.Release|Any CPU.ActiveCfg = Release|Any CPU
		{58814564-D59C-4154-89AF-684F59B13A4D}.Release|Any CPU.Build.0 = Release|Any CPU
		{806FD474-89D9-416B-930E-EE011BD99E34}.Debug|Any CPU.ActiveCfg = Debug|Any CPU
		{806FD474-89D9-416B-930E-EE011BD99E34}.Debug|Any CPU.Build.0 = Debug|Any CPU
		{806FD474-89D9-416B-930E-EE011BD99E34}.Release|Any CPU.ActiveCfg = Release|Any CPU
		{806FD474-89D9-416B-930E-EE011BD99E34}.Release|Any CPU.Build.0 = Release|Any CPU
		{F03BE726-F6C0-4B70-AD4B-4F12D254D16A}.Debug|Any CPU.ActiveCfg = Debug|Any CPU
		{F03BE726-F6C0-4B70-AD4B-4F12D254D16A}.Debug|Any CPU.Build.0 = Debug|Any CPU
		{F03BE726-F6C0-4B70-AD4B-4F12D254D16A}.Release|Any CPU.ActiveCfg = Release|Any CPU
		{F03BE726-F6C0-4B70-AD4B-4F12D254D16A}.Release|Any CPU.Build.0 = Release|Any CPU
		{3B8A76D5-C85D-40A0-9EAF-4A4ACE1C0ED5}.Debug|Any CPU.ActiveCfg = Debug|Any CPU
		{3B8A76D5-C85D-40A0-9EAF-4A4ACE1C0ED5}.Debug|Any CPU.Build.0 = Debug|Any CPU
		{3B8A76D5-C85D-40A0-9EAF-4A4ACE1C0ED5}.Release|Any CPU.ActiveCfg = Release|Any CPU
		{3B8A76D5-C85D-40A0-9EAF-4A4ACE1C0ED5}.Release|Any CPU.Build.0 = Release|Any CPU
		{0648F036-4F82-4E06-9603-A866245A411B}.Debug|Any CPU.ActiveCfg = Debug|Any CPU
		{0648F036-4F82-4E06-9603-A866245A411B}.Debug|Any CPU.Build.0 = Debug|Any CPU
		{0648F036-4F82-4E06-9603-A866245A411B}.Release|Any CPU.ActiveCfg = Release|Any CPU
		{0648F036-4F82-4E06-9603-A866245A411B}.Release|Any CPU.Build.0 = Release|Any CPU
		{3585CC7D-14A8-487A-9C7A-7400F914C330}.Debug|Any CPU.ActiveCfg = Debug|Any CPU
		{3585CC7D-14A8-487A-9C7A-7400F914C330}.Debug|Any CPU.Build.0 = Debug|Any CPU
		{3585CC7D-14A8-487A-9C7A-7400F914C330}.Release|Any CPU.ActiveCfg = Release|Any CPU
		{3585CC7D-14A8-487A-9C7A-7400F914C330}.Release|Any CPU.Build.0 = Release|Any CPU
		{D9A49B89-614E-4202-9F09-92E848049D27}.Debug|Any CPU.ActiveCfg = Debug|Any CPU
		{D9A49B89-614E-4202-9F09-92E848049D27}.Debug|Any CPU.Build.0 = Debug|Any CPU
		{D9A49B89-614E-4202-9F09-92E848049D27}.Release|Any CPU.ActiveCfg = Release|Any CPU
		{D9A49B89-614E-4202-9F09-92E848049D27}.Release|Any CPU.Build.0 = Release|Any CPU
		{10D44794-50EB-4C70-B625-2CF18A3D9853}.Debug|Any CPU.ActiveCfg = Debug|Any CPU
		{10D44794-50EB-4C70-B625-2CF18A3D9853}.Debug|Any CPU.Build.0 = Debug|Any CPU
		{10D44794-50EB-4C70-B625-2CF18A3D9853}.Release|Any CPU.ActiveCfg = Release|Any CPU
		{10D44794-50EB-4C70-B625-2CF18A3D9853}.Release|Any CPU.Build.0 = Release|Any CPU
		{C7C955A8-22A0-4D5D-BAAD-E858224EB6BD}.Debug|Any CPU.ActiveCfg = Debug|Any CPU
		{C7C955A8-22A0-4D5D-BAAD-E858224EB6BD}.Debug|Any CPU.Build.0 = Debug|Any CPU
		{C7C955A8-22A0-4D5D-BAAD-E858224EB6BD}.Release|Any CPU.ActiveCfg = Release|Any CPU
		{C7C955A8-22A0-4D5D-BAAD-E858224EB6BD}.Release|Any CPU.Build.0 = Release|Any CPU
		{EE0DF65A-951B-4EFC-A0D1-7FEB3C9BECC2}.Debug|Any CPU.ActiveCfg = Debug|Any CPU
		{EE0DF65A-951B-4EFC-A0D1-7FEB3C9BECC2}.Debug|Any CPU.Build.0 = Debug|Any CPU
		{EE0DF65A-951B-4EFC-A0D1-7FEB3C9BECC2}.Release|Any CPU.ActiveCfg = Release|Any CPU
		{EE0DF65A-951B-4EFC-A0D1-7FEB3C9BECC2}.Release|Any CPU.Build.0 = Release|Any CPU
		{E3B0601C-D552-41B0-8E6B-36BB7206AAB3}.Debug|Any CPU.ActiveCfg = Debug|Any CPU
		{E3B0601C-D552-41B0-8E6B-36BB7206AAB3}.Debug|Any CPU.Build.0 = Debug|Any CPU
		{E3B0601C-D552-41B0-8E6B-36BB7206AAB3}.Release|Any CPU.ActiveCfg = Release|Any CPU
		{E3B0601C-D552-41B0-8E6B-36BB7206AAB3}.Release|Any CPU.Build.0 = Release|Any CPU
		{2D64B287-AFD5-48B4-A62A-C895DAFD7FE2}.Debug|Any CPU.ActiveCfg = Debug|Any CPU
		{2D64B287-AFD5-48B4-A62A-C895DAFD7FE2}.Debug|Any CPU.Build.0 = Debug|Any CPU
		{2D64B287-AFD5-48B4-A62A-C895DAFD7FE2}.Release|Any CPU.ActiveCfg = Release|Any CPU
		{2D64B287-AFD5-48B4-A62A-C895DAFD7FE2}.Release|Any CPU.Build.0 = Release|Any CPU
		{D6D1A326-3139-42F5-B20B-C6AB89DB6D9A}.Debug|Any CPU.ActiveCfg = Debug|Any CPU
		{D6D1A326-3139-42F5-B20B-C6AB89DB6D9A}.Debug|Any CPU.Build.0 = Debug|Any CPU
		{D6D1A326-3139-42F5-B20B-C6AB89DB6D9A}.Release|Any CPU.ActiveCfg = Release|Any CPU
		{D6D1A326-3139-42F5-B20B-C6AB89DB6D9A}.Release|Any CPU.Build.0 = Release|Any CPU
		{88476E29-0981-42AC-B88D-8793D67C7E98}.Debug|Any CPU.ActiveCfg = Debug|Any CPU
		{88476E29-0981-42AC-B88D-8793D67C7E98}.Debug|Any CPU.Build.0 = Debug|Any CPU
		{88476E29-0981-42AC-B88D-8793D67C7E98}.Release|Any CPU.ActiveCfg = Release|Any CPU
		{88476E29-0981-42AC-B88D-8793D67C7E98}.Release|Any CPU.Build.0 = Release|Any CPU
		{41AB1EAF-779D-45F5-901A-77D80B5B0A98}.Debug|Any CPU.ActiveCfg = Debug|Any CPU
		{41AB1EAF-779D-45F5-901A-77D80B5B0A98}.Debug|Any CPU.Build.0 = Debug|Any CPU
		{41AB1EAF-779D-45F5-901A-77D80B5B0A98}.Release|Any CPU.ActiveCfg = Release|Any CPU
		{41AB1EAF-779D-45F5-901A-77D80B5B0A98}.Release|Any CPU.Build.0 = Release|Any CPU
		{2B25D92C-566F-4753-A649-878F6832A63C}.Debug|Any CPU.ActiveCfg = Debug|Any CPU
		{2B25D92C-566F-4753-A649-878F6832A63C}.Debug|Any CPU.Build.0 = Debug|Any CPU
		{2B25D92C-566F-4753-A649-878F6832A63C}.Release|Any CPU.ActiveCfg = Release|Any CPU
		{2B25D92C-566F-4753-A649-878F6832A63C}.Release|Any CPU.Build.0 = Release|Any CPU
		{2A872D77-6513-4CFE-A4BE-BE6542953B59}.Debug|Any CPU.ActiveCfg = Debug|Any CPU
		{2A872D77-6513-4CFE-A4BE-BE6542953B59}.Debug|Any CPU.Build.0 = Debug|Any CPU
		{2A872D77-6513-4CFE-A4BE-BE6542953B59}.Release|Any CPU.ActiveCfg = Release|Any CPU
		{2A872D77-6513-4CFE-A4BE-BE6542953B59}.Release|Any CPU.Build.0 = Release|Any CPU
		{4C747083-07EB-4233-8247-F2377F03787A}.Debug|Any CPU.ActiveCfg = Debug|Any CPU
		{4C747083-07EB-4233-8247-F2377F03787A}.Debug|Any CPU.Build.0 = Debug|Any CPU
		{4C747083-07EB-4233-8247-F2377F03787A}.Release|Any CPU.ActiveCfg = Release|Any CPU
		{4C747083-07EB-4233-8247-F2377F03787A}.Release|Any CPU.Build.0 = Release|Any CPU
	EndGlobalSection
	GlobalSection(SolutionProperties) = preSolution
		HideSolutionNode = FALSE
	EndGlobalSection
	GlobalSection(NestedProjects) = preSolution
		{58814564-D59C-4154-89AF-684F59B13A4D} = {02EA681E-C7D8-13C7-8484-4AC65E1B71E8}
		{806FD474-89D9-416B-930E-EE011BD99E34} = {02EA681E-C7D8-13C7-8484-4AC65E1B71E8}
		{F03BE726-F6C0-4B70-AD4B-4F12D254D16A} = {02EA681E-C7D8-13C7-8484-4AC65E1B71E8}
		{3B8A76D5-C85D-40A0-9EAF-4A4ACE1C0ED5} = {2C6BD3F6-B396-4386-BA06-A1BAFA0F8A70}
		{0648F036-4F82-4E06-9603-A866245A411B} = {2C6BD3F6-B396-4386-BA06-A1BAFA0F8A70}
		{3585CC7D-14A8-487A-9C7A-7400F914C330} = {2C6BD3F6-B396-4386-BA06-A1BAFA0F8A70}
		{D9A49B89-614E-4202-9F09-92E848049D27} = {5C06B4C9-869E-4929-BFDB-2CA02DDBD873}
		{10D44794-50EB-4C70-B625-2CF18A3D9853} = {5C06B4C9-869E-4929-BFDB-2CA02DDBD873}
		{C7C955A8-22A0-4D5D-BAAD-E858224EB6BD} = {5C06B4C9-869E-4929-BFDB-2CA02DDBD873}
		{EE0DF65A-951B-4EFC-A0D1-7FEB3C9BECC2} = {D47704A7-66DB-4C38-8A9E-C9F27A38A61D}
		{E3B0601C-D552-41B0-8E6B-36BB7206AAB3} = {D47704A7-66DB-4C38-8A9E-C9F27A38A61D}
		{2D64B287-AFD5-48B4-A62A-C895DAFD7FE2} = {D47704A7-66DB-4C38-8A9E-C9F27A38A61D}
		{D6D1A326-3139-42F5-B20B-C6AB89DB6D9A} = {F7CF89A3-7703-4408-807A-B8B792CB184D}
		{88476E29-0981-42AC-B88D-8793D67C7E98} = {F7CF89A3-7703-4408-807A-B8B792CB184D}
		{41AB1EAF-779D-45F5-901A-77D80B5B0A98} = {F7CF89A3-7703-4408-807A-B8B792CB184D}
		{2B25D92C-566F-4753-A649-878F6832A63C} = {BA078E7A-E6BB-454B-B597-1BCAD495D4A8}
		{2A872D77-6513-4CFE-A4BE-BE6542953B59} = {BA078E7A-E6BB-454B-B597-1BCAD495D4A8}
		{4C747083-07EB-4233-8247-F2377F03787A} = {BA078E7A-E6BB-454B-B597-1BCAD495D4A8}
	EndGlobalSection
	GlobalSection(ExtensibilityGlobals) = postSolution
		SolutionGuid = {6898FB14-C737-4123-88B7-220223743590}
	EndGlobalSection
EndGlobal
